
Microsoft Visual Studio Solution File, Format Version 12.00
# Visual Studio Version 17
VisualStudioVersion = 17.5.33627.172
MinimumVisualStudioVersion = 10.0.40219.1
Project("{FAE04EC0-301F-11D3-BF4B-00C04F79EFBC}") = "MutationTestingExample", "MutationTestingExample\MutationTestingExample.csproj", "{DD3710D3-E23C-4833-A4BE-635AF1BD4674}"
EndProject
Project("{FAE04EC0-301F-11D3-BF4B-00C04F79EFBC}") = "MutationTestingExample.Test", "MutationTestingExample.Test\MutationTestingExample.Test.csproj", "{F15AC8B3-A91D-4754-9097-F5F0C50FF9DE}"
EndProject
Global
	GlobalSection(SolutionConfigurationPlatforms) = preSolution
		Debug|Any CPU = Debug|Any CPU
		Release|Any CPU = Release|Any CPU
	EndGlobalSection
	GlobalSection(ProjectConfigurationPlatforms) = postSolution
		{DD3710D3-E23C-4833-A4BE-635AF1BD4674}.Debug|Any CPU.ActiveCfg = Debug|Any CPU
		{DD3710D3-E23C-4833-A4BE-635AF1BD4674}.Debug|Any CPU.Build.0 = Debug|Any CPU
		{DD3710D3-E23C-4833-A4BE-635AF1BD4674}.Release|Any CPU.ActiveCfg = Release|Any CPU
		{DD3710D3-E23C-4833-A4BE-635AF1BD4674}.Release|Any CPU.Build.0 = Release|Any CPU
		{F15AC8B3-A91D-4754-9097-F5F0C50FF9DE}.Debug|Any CPU.ActiveCfg = Debug|Any CPU
		{F15AC8B3-A91D-4754-9097-F5F0C50FF9DE}.Debug|Any CPU.Build.0 = Debug|Any CPU
		{F15AC8B3-A91D-4754-9097-F5F0C50FF9DE}.Release|Any CPU.ActiveCfg = Release|Any CPU
		{F15AC8B3-A91D-4754-9097-F5F0C50FF9DE}.Release|Any CPU.Build.0 = Release|Any CPU
	EndGlobalSection
	GlobalSection(SolutionProperties) = preSolution
		HideSolutionNode = FALSE
	EndGlobalSection
	GlobalSection(ExtensibilityGlobals) = postSolution
		SolutionGuid = {3224CFB3-A971-4591-969E-775289B61AC7}
	EndGlobalSection
EndGlobal
